
Microsoft Visual Studio Solution File, Format Version 12.00
# Visual Studio 15
VisualStudioVersion = 15.0.28307.168
MinimumVisualStudioVersion = 10.0.40219.1
Project("{FAE04EC0-301F-11D3-BF4B-00C04F79EFBC}") = "HttpHunt", "HttpHunt\HttpHunt.csproj", "{5491D054-D9DA-42AE-827C-E599D054261F}"
EndProject
Global
	GlobalSection(SolutionConfigurationPlatforms) = preSolution
		Debug|Any CPU = Debug|Any CPU
		Release|Any CPU = Release|Any CPU
	EndGlobalSection
	GlobalSection(ProjectConfigurationPlatforms) = postSolution
		{5491D054-D9DA-42AE-827C-E599D054261F}.Debug|Any CPU.ActiveCfg = Debug|Any CPU
		{5491D054-D9DA-42AE-827C-E599D054261F}.Debug|Any CPU.Build.0 = Debug|Any CPU
		{5491D054-D9DA-42AE-827C-E599D054261F}.Release|Any CPU.ActiveCfg = Release|Any CPU
		{5491D054-D9DA-42AE-827C-E599D054261F}.Release|Any CPU.Build.0 = Release|Any CPU
	EndGlobalSection
	GlobalSection(SolutionProperties) = preSolution
		HideSolutionNode = FALSE
	EndGlobalSection
	GlobalSection(ExtensibilityGlobals) = postSolution
		SolutionGuid = {11A469DB-719B-451A-8F50-971F38392499}
	EndGlobalSection
EndGlobal
